
Microsoft Visual Studio Solution File, Format Version 12.00
# Visual Studio 15
VisualStudioVersion = 15.0.28307.136
MinimumVisualStudioVersion = 10.0.40219.1
Project("{FAE04EC0-301F-11D3-BF4B-00C04F79EFBC}") = "Hermite", "Hermite\Hermite.csproj", "{3201D589-F9C1-4B1F-A78D-0103E234B784}"
EndProject
Global
	GlobalSection(SolutionConfigurationPlatforms) = preSolution
		Debug|Any CPU = Debug|Any CPU
		Release|Any CPU = Release|Any CPU
	EndGlobalSection
	GlobalSection(ProjectConfigurationPlatforms) = postSolution
		{3201D589-F9C1-4B1F-A78D-0103E234B784}.Debug|Any CPU.ActiveCfg = Debug|Any CPU
		{3201D589-F9C1-4B1F-A78D-0103E234B784}.Debug|Any CPU.Build.0 = Debug|Any CPU
		{3201D589-F9C1-4B1F-A78D-0103E234B784}.Release|Any CPU.ActiveCfg = Release|Any CPU
		{3201D589-F9C1-4B1F-A78D-0103E234B784}.Release|Any CPU.Build.0 = Release|Any CPU
	EndGlobalSection
	GlobalSection(SolutionProperties) = preSolution
		HideSolutionNode = FALSE
	EndGlobalSection
	GlobalSection(ExtensibilityGlobals) = postSolution
		SolutionGuid = {1D53D76A-B206-4136-9B69-78E6FDDC0F01}
	EndGlobalSection
EndGlobal
